<?xml version="1.0" encoding="utf-8"?>
<Project ToolsVersion="4.0" xmlns="http://schemas.microsoft.com/developer/msbuild/2003">
  <ItemGroup>
    <Filter Include="Source Files">
      <UniqueIdentifier>{4FC737F1-C7A5-4376-A066-2A32D752A2FF}</UniqueIdentifier>
      <Extensions>cpp;c;cc;cxx;def;odl;idl;hpj;bat;asm;asmx</Extensions>
    </Filter>
    <Filter Include="Header Files">
      <UniqueIdentifier>{93995380-89BD-4b04-88EB-625FBE52EBFB}</UniqueIdentifier>
      <Extensions>h;hpp;hxx;hm;inl;inc;xsd</Extensions>
    </Filter>
    <Filter Include="Resource Files">
      <UniqueIdentifier>{67DA6AB6-F800-4c08-8B7A-83BB121AAD01}</UniqueIdentifier>
      <Extensions>rc;ico;cur;bmp;dlg;rc2;rct;bin;rgs;gif;jpg;jpeg;jpe;resx;tiff;tif;png;wav;mfcribbon-ms</Extensions>
    </Filter>
    <Filter Include="Header Files\lnb : Sources Notebook">
      <UniqueIdentifier>{180f2f7e-75d0-4a10-b816-d2460a87b3ad}</UniqueIdentifier>
    </Filter>
    <Filter Include="Source Files\lnb : Sources Notebook">
      <UniqueIdentifier>{70bdf764-4d97-48e3-8e77-85a4271adefc}</UniqueIdentifier>
    </Filter>
    <Filter Include="Source Files\lnb : Sources Notebook\Pages">
      <UniqueIdentifier>{c73cdd65-9baf-42af-bd00-e3e7c8714f06}</UniqueIdentifier>
    </Filter>
    <Filter Include="Header Files\lnb : Sources Notebook\Pages">
      <UniqueIdentifier>{23d1aba1-204b-43c2-a9fd-5737a54c0879}</UniqueIdentifier>
    </Filter>
    <Filter Include="Header Files\gst : GStreamer">
      <UniqueIdentifier>{b5d7f31c-2475-4ac4-a481-6996e13f5884}</UniqueIdentifier>
    </Filter>
    <Filter Include="Source Files\gst : GStreamer">
      <UniqueIdentifier>{52f2bcc5-665c-4824-81b4-e5f271eb0798}</UniqueIdentifier>
    </Filter>
    <Filter Include="Source Files\gst : GStreamer\gnl : GNonLin">
      <UniqueIdentifier>{b214e74d-a69d-4147-8f66-ae1ce0048b8b}</UniqueIdentifier>
    </Filter>
    <Filter Include="Header Files\gst : GStreamer\gnl : GNonlin">
      <UniqueIdentifier>{f5f33382-63e6-49f2-88ec-84135ae9c87d}</UniqueIdentifier>
    </Filter>
    <Filter Include="Header Files\utf-8">
      <UniqueIdentifier>{26568220-46c2-4f4c-8598-095a99a6afaa}</UniqueIdentifier>
    </Filter>
    <Filter Include="Source Files\smp : Samples and Mixers">
      <UniqueIdentifier>{3970c979-cd27-449c-9aa5-4070a4c94517}</UniqueIdentifier>
    </Filter>
    <Filter Include="Header Files\smp : Samples and Mixers">
      <UniqueIdentifier>{8896e88e-97b5-4845-a16a-34d17da35011}</UniqueIdentifier>
    </Filter>
  </ItemGroup>
  <ItemGroup>
    <ClCompile Include="src\main.cpp">
      <Filter>Source Files</Filter>
    </ClCompile>
    <ClCompile Include="src\ytpking\MainWindow.cpp">
      <Filter>Source Files</Filter>
    </ClCompile>
    <ClCompile Include="src\ytpking\Application.cpp">
      <Filter>Source Files</Filter>
    </ClCompile>
    <ClCompile Include="src\ytpking\lnb\SamplesTreeCtrl.cpp">
      <Filter>Source Files\lnb : Sources Notebook</Filter>
    </ClCompile>
    <ClCompile Include="src\ytpking\lnb\SourcesListCtrl.cpp">
      <Filter>Source Files\lnb : Sources Notebook</Filter>
    </ClCompile>
    <ClCompile Include="src\ytpking\lnb\SourcesToolbar.cpp">
      <Filter>Source Files\lnb : Sources Notebook</Filter>
    </ClCompile>
    <ClCompile Include="src\ytpking\lnb\TapesListCtrl.cpp">
      <Filter>Source Files\lnb : Sources Notebook</Filter>
    </ClCompile>
    <ClCompile Include="src\ytpking\lnb\LibraryNotebook.cpp">
      <Filter>Source Files\lnb : Sources Notebook</Filter>
    </ClCompile>
    <ClCompile Include="src\ytpking\lnb\LibrarySizer.cpp">
      <Filter>Source Files\lnb : Sources Notebook</Filter>
    </ClCompile>
    <ClCompile Include="src\ytpking\lnb\SamplesPage.cpp">
      <Filter>Source Files\lnb : Sources Notebook\Pages</Filter>
    </ClCompile>
    <ClCompile Include="src\ytpking\lnb\SourcesPage.cpp">
      <Filter>Source Files\lnb : Sources Notebook\Pages</Filter>
    </ClCompile>
    <ClCompile Include="src\ytpking\lnb\TapesPage.cpp">
      <Filter>Source Files\lnb : Sources Notebook\Pages</Filter>
    </ClCompile>
    <ClCompile Include="src\ytpking\SampleDataObject.cpp">
      <Filter>Source Files</Filter>
    </ClCompile>
    <ClCompile Include="src\ytpking\gst\GstreamerThread.cpp">
      <Filter>Source Files\gst : GStreamer</Filter>
    </ClCompile>
    <ClCompile Include="src\ytpking\gst\Pipeline.cpp">
      <Filter>Source Files\gst : GStreamer</Filter>
    </ClCompile>
    <ClCompile Include="src\ytpking\gst\gnl\FileSource.cpp">
      <Filter>Source Files\gst : GStreamer\gnl : GNonLin</Filter>
    </ClCompile>
    <ClCompile Include="src\ytpking\DataFile.cpp">
      <Filter>Source Files</Filter>
    </ClCompile>
    <ClCompile Include="src\ytpking\SamplesDataFile.cpp">
      <Filter>Source Files</Filter>
    </ClCompile>
    <ClCompile Include="src\ytpking\SamplePropertiesWindow.cpp">
      <Filter>Source Files</Filter>
    </ClCompile>
    <ClCompile Include="src\ytpking\smp\Sample.cpp">
      <Filter>Source Files\smp : Samples and Mixers</Filter>
    </ClCompile>
    <ClCompile Include="src\ytpking\smp\SampleManager.cpp">
      <Filter>Source Files\smp : Samples and Mixers</Filter>
    </ClCompile>
    <ClCompile Include="src\ytpking\smp\SampleUser.cpp">
      <Filter>Source Files\smp : Samples and Mixers</Filter>
    </ClCompile>
    <ClCompile Include="src\ytpking\smp\Tape.cpp">
      <Filter>Source Files\smp : Samples and Mixers</Filter>
    </ClCompile>
    <ClCompile Include="src\ytpking\smp\TapeManager.cpp">
      <Filter>Source Files\smp : Samples and Mixers</Filter>
    </ClCompile>
    <ClCompile Include="src\ytpking\smp\TapeUser.cpp">
      <Filter>Source Files\smp : Samples and Mixers</Filter>
    </ClCompile>
    <ClCompile Include="src\ytpking\TimelineWindow.cpp">
      <Filter>Source Files</Filter>
    </ClCompile>
    <ClCompile Include="src\ytpking\gst\gnl\TapeComposition.cpp">
      <Filter>Source Files\gst : GStreamer\gnl : GNonLin</Filter>
    </ClCompile>
    <ClCompile Include="src\ytpking\gst\gnl\AudioTapeComposition.cpp">
      <Filter>Source Files\gst : GStreamer\gnl : GNonLin</Filter>
    </ClCompile>
    <ClCompile Include="src\ytpking\gst\gnl\VideoTapeComposition.cpp">
      <Filter>Source Files\gst : GStreamer\gnl : GNonLin</Filter>
    </ClCompile>
    <ClCompile Include="src\ytpking\gst\PipelineContent.cpp">
      <Filter>Source Files\gst : GStreamer</Filter>
    </ClCompile>
    <ClCompile Include="src\ytpking\gst\gnl\PreviewTapes.cpp">
      <Filter>Source Files\gst : GStreamer\gnl : GNonLin</Filter>
    </ClCompile>
    <ClCompile Include="src\ytpking\smp\SampleInstance.cpp">
      <Filter>Source Files\smp : Samples and Mixers</Filter>
    </ClCompile>
    <ClCompile Include="src\ytpking\SampleWindow.cpp">
      <Filter>Source Files</Filter>
    </ClCompile>
    <ClCompile Include="src\ytpking\Guid.cpp">
      <Filter>Source Files</Filter>
    </ClCompile>
    <ClCompile Include="src\ytpking\TapesDataFile.cpp">
      <Filter>Source Files</Filter>
    </ClCompile>
    <ClCompile Include="src\ytpking\MovieControlsWindow.cpp">
      <Filter>Source Files</Filter>
    </ClCompile>
    <ClCompile Include="src\ytpking\gst\PipelineUser.cpp">
      <Filter>Source Files\gst : GStreamer</Filter>
    </ClCompile>
  </ItemGroup>
  <ItemGroup>
    <ClInclude Include="src\ytpking\MainWindow.h">
      <Filter>Header Files</Filter>
    </ClInclude>
    <ClInclude Include="res\resource.h">
      <Filter>Resource Files</Filter>
    </ClInclude>
    <ClInclude Include="src\ytpking\lnb\SamplesTreeCtrl.h">
      <Filter>Header Files\lnb : Sources Notebook</Filter>
    </ClInclude>
    <ClInclude Include="src\ytpking\lnb\SourcesListCtrl.h">
      <Filter>Header Files\lnb : Sources Notebook</Filter>
    </ClInclude>
    <ClInclude Include="src\ytpking\lnb\SourcesToolbar.h">
      <Filter>Header Files\lnb : Sources Notebook</Filter>
    </ClInclude>
    <ClInclude Include="src\ytpking\lnb\TapesListCtrl.h">
      <Filter>Header Files\lnb : Sources Notebook</Filter>
    </ClInclude>
    <ClInclude Include="src\ytpking\lnb\LibraryNotebook.h">
      <Filter>Header Files\lnb : Sources Notebook</Filter>
    </ClInclude>
    <ClInclude Include="src\ytpking\lnb\LibrarySizer.h">
      <Filter>Header Files\lnb : Sources Notebook</Filter>
    </ClInclude>
    <ClInclude Include="src\ytpking\lnb\TapesPage.h">
      <Filter>Header Files\lnb : Sources Notebook\Pages</Filter>
    </ClInclude>
    <ClInclude Include="src\ytpking\lnb\SourcesPage.h">
      <Filter>Header Files\lnb : Sources Notebook\Pages</Filter>
    </ClInclude>
    <ClInclude Include="src\ytpking\lnb\SamplesPage.h">
      <Filter>Header Files\lnb : Sources Notebook\Pages</Filter>
    </ClInclude>
    <ClInclude Include="src\ytpking\SampleDataObject.h">
      <Filter>Header Files</Filter>
    </ClInclude>
    <ClInclude Include="src\ytpking\gst\GstreamerThread.h">
      <Filter>Header Files\gst : GStreamer</Filter>
    </ClInclude>
    <ClInclude Include="src\ytpking\gst\Pipeline.h">
      <Filter>Header Files\gst : GStreamer</Filter>
    </ClInclude>
    <ClInclude Include="src\ytpking\gst\gnl\FileSource.h">
      <Filter>Header Files\gst : GStreamer\gnl : GNonlin</Filter>
    </ClInclude>
    <ClInclude Include="src\utf8.h">
      <Filter>Header Files\utf-8</Filter>
    </ClInclude>
    <ClInclude Include="src\utf8\unchecked.h">
      <Filter>Header Files\utf-8</Filter>
    </ClInclude>
    <ClInclude Include="src\utf8\checked.h">
      <Filter>Header Files\utf-8</Filter>
    </ClInclude>
    <ClInclude Include="src\utf8\core.h">
      <Filter>Header Files\utf-8</Filter>
    </ClInclude>
    <ClInclude Include="src\ytpking\DataFile.h">
      <Filter>Header Files</Filter>
    </ClInclude>
    <ClInclude Include="src\ytpking\SamplesDataFile.h">
      <Filter>Header Files</Filter>
    </ClInclude>
    <ClInclude Include="src\ytpking\EventId.h">
      <Filter>Header Files</Filter>
    </ClInclude>
    <ClInclude Include="src\ytpking\SamplePropertiesWindow.h">
      <Filter>Header Files</Filter>
    </ClInclude>
    <ClInclude Include="src\ytpking\smp\Sample.h">
      <Filter>Header Files\smp : Samples and Mixers</Filter>
    </ClInclude>
    <ClInclude Include="src\ytpking\smp\SampleManager.h">
      <Filter>Header Files\smp : Samples and Mixers</Filter>
    </ClInclude>
    <ClInclude Include="src\ytpking\smp\SampleUser.h">
      <Filter>Header Files\smp : Samples and Mixers</Filter>
    </ClInclude>
    <ClInclude Include="src\ytpking\smp\Tape.h">
      <Filter>Header Files\smp : Samples and Mixers</Filter>
    </ClInclude>
    <ClInclude Include="src\ytpking\smp\TapeManager.h">
      <Filter>Header Files\smp : Samples and Mixers</Filter>
    </ClInclude>
    <ClInclude Include="src\ytpking\smp\TapeUser.h">
      <Filter>Header Files\smp : Samples and Mixers</Filter>
    </ClInclude>
    <ClInclude Include="src\ytpking\TimelineWindow.h">
      <Filter>Header Files</Filter>
    </ClInclude>
    <ClInclude Include="src\ytpking\gst\gnl\TapeComposition.h">
      <Filter>Header Files\gst : GStreamer\gnl : GNonlin</Filter>
    </ClInclude>
    <ClInclude Include="src\ytpking\gst\gnl\AudioTapeComposition.h">
      <Filter>Header Files\gst : GStreamer\gnl : GNonlin</Filter>
    </ClInclude>
    <ClInclude Include="src\ytpking\gst\gnl\VideoTapeComposition.h">
      <Filter>Header Files\gst : GStreamer\gnl : GNonlin</Filter>
    </ClInclude>
    <ClInclude Include="src\ytpking\gst\gnl\PreviewTapes.h">
      <Filter>Header Files\gst : GStreamer\gnl : GNonlin</Filter>
    </ClInclude>
    <ClInclude Include="src\ytpking\gst\PipelineContent.h">
      <Filter>Header Files\gst : GStreamer</Filter>
    </ClInclude>
    <ClInclude Include="src\ytpking\smp\SampleInstance.h">
      <Filter>Header Files\smp : Samples and Mixers</Filter>
    </ClInclude>
    <ClInclude Include="src\ytpking\SampleWindow.h">
      <Filter>Header Files</Filter>
    </ClInclude>
    <ClInclude Include="src\ytpking\Guid.h">
      <Filter>Header Files</Filter>
    </ClInclude>
    <ClInclude Include="src\ytpking\TapesDataFile.h">
      <Filter>Header Files</Filter>
    </ClInclude>
    <ClInclude Include="src\ytpking\MovieControlsWindow.h">
      <Filter>Header Files</Filter>
    </ClInclude>
    <ClInclude Include="src\ytpking\gst\PipelineUser.h">
      <Filter>Header Files\gst : GStreamer</Filter>
    </ClInclude>
  </ItemGroup>
  <ItemGroup>
    <ResourceCompile Include="res\Ytp-King.rc">
      <Filter>Resource Files</Filter>
    </ResourceCompile>
  </ItemGroup>
</Project>